{
  "nodes": {
    "nixpkgs": {
      "locked": {
        "lastModified": 1695272228,
        "narHash": "sha256-4uw2OdJPVyjdB+xcDst9SecrNIpxKXJ2usN3M5HVa7o=",
        "owner": "NixOS",
        "repo": "nixpkgs",
        "rev": "55ac2a9d2024f15c56adf20da505b29659911da8",
        "type": "github"
      },
      "original": {
        "owner": "NixOS",
        "ref": "nixos-23.05",
        "repo": "nixpkgs",
        "type": "github"
      }
    },
    "root": {
      "inputs": {
        "nixpkgs": "nixpkgs"
      }
    }
  },
  "root": "root",
  "version": 7
}
